Microsoft Visual Studio Solution File, Format Version 11.00
# Visual Studio 2008

Project("{997EE05A-2657-1A66-D088-B6E18380F6E2}") = "Invasion - Chaos in the Streets", "Assembly-CSharp-vs.csproj", "{E00BEB76-26BD-7777-0F4A-537A643511D7}"
EndProject
Project("{997EE05A-2657-1A66-D088-B6E18380F6E2}") = "Invasion - Chaos in the Streets", "Assembly-CSharp-Editor-vs.csproj", "{3024574A-4849-81E6-9A3C-9808144DE150}"
EndProject
Global
	GlobalSection(SolutionConfigurationPlatforms) = preSolution
		Debug|Any CPU = Debug|Any CPU
		Release|Any CPU = Release|Any CPU
	EndGlobalSection
	GlobalSection(ProjectConfigurationPlatforms) = postSolution
		{E00BEB76-26BD-7777-0F4A-537A643511D7}.Debug|Any CPU.ActiveCfg = Debug|Any CPU
		{E00BEB76-26BD-7777-0F4A-537A643511D7}.Debug|Any CPU.Build.0 = Debug|Any CPU
		{E00BEB76-26BD-7777-0F4A-537A643511D7}.Release|Any CPU.ActiveCfg = Release|Any CPU
		{E00BEB76-26BD-7777-0F4A-537A643511D7}.Release|Any CPU.Build.0 = Release|Any CPU
		{3024574A-4849-81E6-9A3C-9808144DE150}.Debug|Any CPU.ActiveCfg = Debug|Any CPU
		{3024574A-4849-81E6-9A3C-9808144DE150}.Debug|Any CPU.Build.0 = Debug|Any CPU
		{3024574A-4849-81E6-9A3C-9808144DE150}.Release|Any CPU.ActiveCfg = Release|Any CPU
		{3024574A-4849-81E6-9A3C-9808144DE150}.Release|Any CPU.Build.0 = Release|Any CPU
	EndGlobalSection
	GlobalSection(SolutionProperties) = preSolution
		HideSolutionNode = FALSE
	EndGlobalSection
																																																																																																									GlobalSection(MonoDevelopProperties) = preSolution
		StartupItem = Assembly-CSharp.csproj
		Policies = $0
		$0.TextStylePolicy = $1
		$1.inheritsSet = null
		$1.scope = text/x-csharp
		$0.CSharpFormattingPolicy = $2
		$2.inheritsSet = Mono
		$2.inheritsScope = text/x-csharp
		$2.scope = text/x-csharp
		$0.TextStylePolicy = $3
		$3.FileWidth = 120
		$3.TabWidth = 4
		$3.EolMarker = Unix
		$3.inheritsSet = Mono
		$3.inheritsScope = text/plain
		$3.scope = text/plain
	EndGlobalSection

EndGlobal
